
Microsoft Visual Studio Solution File, Format Version 12.00
# Visual Studio Version 16
VisualStudioVersion = 16.0.29102.190
MinimumVisualStudioVersion = 10.0.40219.1
Project("{FAE04EC0-301F-11D3-BF4B-00C04F79EFBC}") = "Sho.Dojo", "Sho.Dojo\Sho.Dojo.csproj", "{0BC98D4D-7E9B-451D-8A15-E9BE5A02BBD7}"
EndProject
Project("{FAE04EC0-301F-11D3-BF4B-00C04F79EFBC}") = "Sho.Dojo.Tests", "Sho.Dojo.Tests\Sho.Dojo.Tests.csproj", "{0B55C75E-1DA3-445E-962D-CAF497650B91}"
EndProject
Global
	GlobalSection(SolutionConfigurationPlatforms) = preSolution
		Debug|Any CPU = Debug|Any CPU
		Release|Any CPU = Release|Any CPU
	EndGlobalSection
	GlobalSection(ProjectConfigurationPlatforms) = postSolution
		{0BC98D4D-7E9B-451D-8A15-E9BE5A02BBD7}.Debug|Any CPU.ActiveCfg = Debug|Any CPU
		{0BC98D4D-7E9B-451D-8A15-E9BE5A02BBD7}.Debug|Any CPU.Build.0 = Debug|Any CPU
		{0BC98D4D-7E9B-451D-8A15-E9BE5A02BBD7}.Release|Any CPU.ActiveCfg = Release|Any CPU
		{0BC98D4D-7E9B-451D-8A15-E9BE5A02BBD7}.Release|Any CPU.Build.0 = Release|Any CPU
		{0B55C75E-1DA3-445E-962D-CAF497650B91}.Debug|Any CPU.ActiveCfg = Debug|Any CPU
		{0B55C75E-1DA3-445E-962D-CAF497650B91}.Debug|Any CPU.Build.0 = Debug|Any CPU
		{0B55C75E-1DA3-445E-962D-CAF497650B91}.Release|Any CPU.ActiveCfg = Release|Any CPU
		{0B55C75E-1DA3-445E-962D-CAF497650B91}.Release|Any CPU.Build.0 = Release|Any CPU
	EndGlobalSection
	GlobalSection(SolutionProperties) = preSolution
		HideSolutionNode = FALSE
	EndGlobalSection
	GlobalSection(ExtensibilityGlobals) = postSolution
		SolutionGuid = {2CC75FA2-F65A-4BF9-B4C9-5504C95BB3FB}
	EndGlobalSection
EndGlobal
